
Microsoft Visual Studio Solution File, Format Version 12.00
# Visual Studio 15
VisualStudioVersion = 15.0.28307.106
MinimumVisualStudioVersion = 10.0.40219.1
Project("{FAE04EC0-301F-11D3-BF4B-00C04F79EFBC}") = "KindBot", "KindBot\KindBot.csproj", "{BD16FC9E-0094-4376-9B51-0EA05DB3C3A0}"
EndProject
Project("{FAE04EC0-301F-11D3-BF4B-00C04F79EFBC}") = "KindBot.Test", "KindBotTests\KindBot.Test.csproj", "{4B6962A2-ED35-477D-BED4-4CAFABDA173E}"
EndProject
Global
	GlobalSection(SolutionConfigurationPlatforms) = preSolution
		Debug|Any CPU = Debug|Any CPU
		Linux Release|Any CPU = Linux Release|Any CPU
		Release|Any CPU = Release|Any CPU
	EndGlobalSection
	GlobalSection(ProjectConfigurationPlatforms) = postSolution
		{BD16FC9E-0094-4376-9B51-0EA05DB3C3A0}.Debug|Any CPU.ActiveCfg = Debug|Any CPU
		{BD16FC9E-0094-4376-9B51-0EA05DB3C3A0}.Debug|Any CPU.Build.0 = Debug|Any CPU
		{BD16FC9E-0094-4376-9B51-0EA05DB3C3A0}.Linux Release|Any CPU.ActiveCfg = Linux Release|Any CPU
		{BD16FC9E-0094-4376-9B51-0EA05DB3C3A0}.Linux Release|Any CPU.Build.0 = Linux Release|Any CPU
		{BD16FC9E-0094-4376-9B51-0EA05DB3C3A0}.Release|Any CPU.ActiveCfg = Release|Any CPU
		{BD16FC9E-0094-4376-9B51-0EA05DB3C3A0}.Release|Any CPU.Build.0 = Release|Any CPU
		{4B6962A2-ED35-477D-BED4-4CAFABDA173E}.Debug|Any CPU.ActiveCfg = Debug|Any CPU
		{4B6962A2-ED35-477D-BED4-4CAFABDA173E}.Debug|Any CPU.Build.0 = Debug|Any CPU
		{4B6962A2-ED35-477D-BED4-4CAFABDA173E}.Linux Release|Any CPU.ActiveCfg = Release|Any CPU
		{4B6962A2-ED35-477D-BED4-4CAFABDA173E}.Linux Release|Any CPU.Build.0 = Release|Any CPU
		{4B6962A2-ED35-477D-BED4-4CAFABDA173E}.Release|Any CPU.ActiveCfg = Release|Any CPU
		{4B6962A2-ED35-477D-BED4-4CAFABDA173E}.Release|Any CPU.Build.0 = Release|Any CPU
	EndGlobalSection
	GlobalSection(SolutionProperties) = preSolution
		HideSolutionNode = FALSE
	EndGlobalSection
	GlobalSection(ExtensibilityGlobals) = postSolution
		SolutionGuid = {EA8F9C5A-13BE-4FE5-B35A-9314F95ECCA9}
	EndGlobalSection
EndGlobal
